<Solution>
  <Folder Name="/Solution Items/">
    <File Path="../.gitignore" />
    <File Path="../LICENSE" />
    <File Path="../README.md" />
  </Folder>
  <Project Path="../EventApi.IntegrationTests/EventApi.IntegrationTests.csproj"/>
  <Project Path="../EventApi.UnitTests/EventApi.UnitTests.csproj"/>
  <Project Path="CSCourse.csproj" />
</Solution>
